
Microsoft Visual Studio Solution File, Format Version 12.00
# Visual Studio Version 17
VisualStudioVersion = 17.3.32922.545
MinimumVisualStudioVersion = 10.0.40219.1
Project("{FAE04EC0-301F-11D3-BF4B-00C04F79EFBC}") = "ReadWiresharkCsv", "ReadWiresharkCsv\ReadWiresharkCsv.csproj", "{5306501F-3B15-459C-BCCB-892031F03EB2}"
EndProject
Global
	GlobalSection(SolutionConfigurationPlatforms) = preSolution
		Debug|Any CPU = Debug|Any CPU
		Release|Any CPU = Release|Any CPU
	EndGlobalSection
	GlobalSection(ProjectConfigurationPlatforms) = postSolution
		{5306501F-3B15-459C-BCCB-892031F03EB2}.Debug|Any CPU.ActiveCfg = Debug|Any CPU
		{5306501F-3B15-459C-BCCB-892031F03EB2}.Debug|Any CPU.Build.0 = Debug|Any CPU
		{5306501F-3B15-459C-BCCB-892031F03EB2}.Release|Any CPU.ActiveCfg = Release|Any CPU
		{5306501F-3B15-459C-BCCB-892031F03EB2}.Release|Any CPU.Build.0 = Release|Any CPU
	EndGlobalSection
	GlobalSection(SolutionProperties) = preSolution
		HideSolutionNode = FALSE
	EndGlobalSection
	GlobalSection(ExtensibilityGlobals) = postSolution
		SolutionGuid = {FB00188E-5300-49C9-8BC8-903DA43FFB5B}
	EndGlobalSection
EndGlobal
